{
  "name": "data-preprocessor",
  "version": "1.0.0",
  "lockfileVersion": 3,
  "requires": true,
  "packages": {
    "": {
      "name": "data-preprocessor",
      "version": "1.0.0",
      "license": "ISC",
      "dependencies": {
        "stream-json": "^3.0.0"
      }
    },
    "node_modules/stream-chain": {
      "version": "4.1.0",
      "resolved": "https://registry.npmjs.org/stream-chain/-/stream-chain-4.1.0.tgz",
      "integrity": "sha512-YWg69OHqoCZSsFPuVj5641S0fvKsEAtken0daHBdGUfoowpd/eTi5VNxhzHAwvq/gv1NI8FDpIKvoPdYthijhQ==",
      "license": "BSD-3-Clause",
      "engines": {
        "node": ">=22"
      },
      "funding": {
        "url": "https://github.com/sponsors/uhop"
      }
    },
    "node_modules/stream-json": {
      "version": "3.0.0",
      "resolved": "https://registry.npmjs.org/stream-json/-/stream-json-3.0.0.tgz",
      "integrity": "sha512-6eS1NhKHSpEP+2NTjitbM94Oo/MKeVDUrlA7LKai+ga4cn/mCULX/b6yk5+yzyQ40bUt8DacO3bNS2UpUNaq9w==",
      "license": "BSD-3-Clause",
      "dependencies": {
        "stream-chain": "^4.0.2"
      },
      "engines": {
        "node": ">=22"
      },
      "funding": {
        "url": "https://github.com/sponsors/uhop"
      }
    }
  }
}
